// !$*UTF8*$!
{
	archiveVersion = 1;
	classes = {
	};
	objectVersion = 50;
	objects = {

/* Begin PBXBuildFile section */
		3212FEB023644ECB0057213C /* TableViewCell.swift in Sources */ = {isa = PBXBuildFile; fileRef = 3212FEAE23644ECB0057213C /* TableViewCell.swift */; };
		3212FEB323645BD20057213C /* TableViewCellDemoController.swift in Sources */ = {isa = PBXBuildFile; fileRef = 3212FEB223645BD20057213C /* TableViewCellDemoController.swift */; };
		323F34ED2370579F00B96AE9 /* M7Label.swift in Sources */ = {isa = PBXBuildFile; fileRef = 323F34EC2370579F00B96AE9 /* M7Label.swift */; };
		3255204B2366398D002E7485 /* M7TableViewCell.swift in Sources */ = {isa = PBXBuildFile; fileRef = 3255204A2366398D002E7485 /* M7TableViewCell.swift */; };
		32552053236643C9002E7485 /* TableCellDemo.swift in Sources */ = {isa = PBXBuildFile; fileRef = 32552052236643C9002E7485 /* TableCellDemo.swift */; };
		32552058236797AA002E7485 /* M7Switch.swift in Sources */ = {isa = PBXBuildFile; fileRef = 32552057236797AA002E7485 /* M7Switch.swift */; };
		325520592368DFF2002E7485 /* Icons.xcassets in Resources */ = {isa = PBXBuildFile; fileRef = 325E026C235C31BB00B051E9 /* Icons.xcassets */; };
		3255205A2368DFFD002E7485 /* Buttons.xcassets in Resources */ = {isa = PBXBuildFile; fileRef = 325E026B235C31BB00B051E9 /* Buttons.xcassets */; };
		3255205B2368E030002E7485 /* DatePicker1.xib in Resources */ = {isa = PBXBuildFile; fileRef = 325E0251235C31BB00B051E9 /* DatePicker1.xib */; };
		3255205C2368E035002E7485 /* DatePicker.xib in Resources */ = {isa = PBXBuildFile; fileRef = 325E0252235C31BB00B051E9 /* DatePicker.xib */; };
		32552060236A0C07002E7485 /* M7ChatCell.swift in Sources */ = {isa = PBXBuildFile; fileRef = 3255205F236A0C07002E7485 /* M7ChatCell.swift */; };
		32552062236A1301002E7485 /* MessageBubbleDemo.swift in Sources */ = {isa = PBXBuildFile; fileRef = 32552061236A1301002E7485 /* MessageBubbleDemo.swift */; };
		32552064236A227C002E7485 /* BubbleView.swift in Sources */ = {isa = PBXBuildFile; fileRef = 32552063236A227C002E7485 /* BubbleView.swift */; };
		325E0203235BA57000B051E9 /* M7UIKit.framework in Frameworks */ = {isa = PBXBuildFile; fileRef = 325E01F9235BA57000B051E9 /* M7UIKit.framework */; };
		325E0208235BA57000B051E9 /* M7UIKitTests.swift in Sources */ = {isa = PBXBuildFile; fileRef = 325E0207235BA57000B051E9 /* M7UIKitTests.swift */; };
		325E020A235BA57000B051E9 /* M7UIKit.h in Headers */ = {isa = PBXBuildFile; fileRef = 325E01FC235BA57000B051E9 /* M7UIKit.h */; settings = {ATTRIBUTES = (Public, ); }; };
		325E021A235BA63D00B051E9 /* AppDelegate.swift in Sources */ = {isa = PBXBuildFile; fileRef = 325E0219235BA63D00B051E9 /* AppDelegate.swift */; };
		325E021C235BA63D00B051E9 /* SceneDelegate.swift in Sources */ = {isa = PBXBuildFile; fileRef = 325E021B235BA63D00B051E9 /* SceneDelegate.swift */; };
		325E021E235BA63D00B051E9 /* ViewController.swift in Sources */ = {isa = PBXBuildFile; fileRef = 325E021D235BA63D00B051E9 /* ViewController.swift */; };
		325E0221235BA63D00B051E9 /* Main.storyboard in Resources */ = {isa = PBXBuildFile; fileRef = 325E021F235BA63D00B051E9 /* Main.storyboard */; };
		325E0223235BA63F00B051E9 /* Assets.xcassets in Resources */ = {isa = PBXBuildFile; fileRef = 325E0222235BA63F00B051E9 /* Assets.xcassets */; };
		325E0226235BA63F00B051E9 /* LaunchScreen.storyboard in Resources */ = {isa = PBXBuildFile; fileRef = 325E0224235BA63F00B051E9 /* LaunchScreen.storyboard */; };
		325E0231235BA64000B051E9 /* M7UIKitExamplesTests.swift in Sources */ = {isa = PBXBuildFile; fileRef = 325E0230235BA64000B051E9 /* M7UIKitExamplesTests.swift */; };
		325E026D235C31BB00B051E9 /* DS.swift in Sources */ = {isa = PBXBuildFile; fileRef = 325E023A235C31BB00B051E9 /* DS.swift */; };
		325E026E235C31BC00B051E9 /* M7Colors.swift in Sources */ = {isa = PBXBuildFile; fileRef = 325E023C235C31BB00B051E9 /* M7Colors.swift */; };
		325E0270235C31BC00B051E9 /* Montserrat-Bold.ttf in Resources */ = {isa = PBXBuildFile; fileRef = 325E023F235C31BB00B051E9 /* Montserrat-Bold.ttf */; };
		325E0272235C31BC00B051E9 /* M7Fonts.swift in Sources */ = {isa = PBXBuildFile; fileRef = 325E0241235C31BB00B051E9 /* M7Fonts.swift */; };
		325E0273235C31BC00B051E9 /* Montserrat-SemiBold.ttf in Resources */ = {isa = PBXBuildFile; fileRef = 325E0242235C31BB00B051E9 /* Montserrat-SemiBold.ttf */; };
		325E0274235C31BC00B051E9 /* Montserrat-Regular.ttf in Resources */ = {isa = PBXBuildFile; fileRef = 325E0243235C31BB00B051E9 /* Montserrat-Regular.ttf */; };
		325E0275235C31BC00B051E9 /* OCRAEXT.TTF in Resources */ = {isa = PBXBuildFile; fileRef = 325E0244235C31BB00B051E9 /* OCRAEXT.TTF */; };
		325E0276235C31BC00B051E9 /* DefaultTheme.swift in Sources */ = {isa = PBXBuildFile; fileRef = 325E0246235C31BB00B051E9 /* DefaultTheme.swift */; };
		325E0277235C31BC00B051E9 /* ModalInfoController.xib in Resources */ = {isa = PBXBuildFile; fileRef = 325E0249235C31BB00B051E9 /* ModalInfoController.xib */; };
		325E0278235C31BC00B051E9 /* ModalInfoController.swift in Sources */ = {isa = PBXBuildFile; fileRef = 325E024A235C31BB00B051E9 /* ModalInfoController.swift */; };
		325E0279235C31BC00B051E9 /* ModalInfoModel.swift in Sources */ = {isa = PBXBuildFile; fileRef = 325E024B235C31BB00B051E9 /* ModalInfoModel.swift */; };
		325E027A235C31BC00B051E9 /* Card.swift in Sources */ = {isa = PBXBuildFile; fileRef = 325E024D235C31BB00B051E9 /* Card.swift */; };
		325E027B235C31BC00B051E9 /* Card.xib in Resources */ = {isa = PBXBuildFile; fileRef = 325E024E235C31BB00B051E9 /* Card.xib */; };
		325E027C235C31BC00B051E9 /* DatePicker.swift in Sources */ = {isa = PBXBuildFile; fileRef = 325E0250235C31BB00B051E9 /* DatePicker.swift */; };
		325E027D235C31BC00B051E9 /* DatePicker1.xib in Resources */ = {isa = PBXBuildFile; fileRef = 325E0251235C31BB00B051E9 /* DatePicker1.xib */; };
		325E027E235C31BC00B051E9 /* DatePicker.xib in Resources */ = {isa = PBXBuildFile; fileRef = 325E0252235C31BB00B051E9 /* DatePicker.xib */; };
		325E027F235C31BC00B051E9 /* DatePickerView.swift in Sources */ = {isa = PBXBuildFile; fileRef = 325E0253235C31BB00B051E9 /* DatePickerView.swift */; };
		325E028D235C31BC00B051E9 /* TextField.swift in Sources */ = {isa = PBXBuildFile; fileRef = 325E0265235C31BB00B051E9 /* TextField.swift */; };
		325E028E235C31BC00B051E9 /* SwitchRow.xib in Resources */ = {isa = PBXBuildFile; fileRef = 325E0267235C31BB00B051E9 /* SwitchRow.xib */; };
		325E028F235C31BC00B051E9 /* SwitchRow.swift in Sources */ = {isa = PBXBuildFile; fileRef = 325E0268235C31BB00B051E9 /* SwitchRow.swift */; };
		325E0290235C31BC00B051E9 /* Button.swift in Sources */ = {isa = PBXBuildFile; fileRef = 325E026A235C31BB00B051E9 /* Button.swift */; };
		325E0291235C31BC00B051E9 /* Buttons.xcassets in Resources */ = {isa = PBXBuildFile; fileRef = 325E026B235C31BB00B051E9 /* Buttons.xcassets */; };
		325E0292235C31BC00B051E9 /* Icons.xcassets in Resources */ = {isa = PBXBuildFile; fileRef = 325E026C235C31BB00B051E9 /* Icons.xcassets */; };
		325E029B235C39BA00B051E9 /* M7UIKit.framework in Frameworks */ = {isa = PBXBuildFile; fileRef = 325E01F9235BA57000B051E9 /* M7UIKit.framework */; };
		325E029C235C39BA00B051E9 /* M7UIKit.framework in Embed Frameworks */ = {isa = PBXBuildFile; fileRef = 325E01F9235BA57000B051E9 /* M7UIKit.framework */; settings = {ATTRIBUTES = (CodeSignOnCopy, RemoveHeadersOnCopy, ); }; };
		325E02AF235C3A4D00B051E9 /* Alert.swift in Sources */ = {isa = PBXBuildFile; fileRef = 325E02A1235C3A4D00B051E9 /* Alert.swift */; };
		325E02B0235C3A4D00B051E9 /* DSButton.swift in Sources */ = {isa = PBXBuildFile; fileRef = 325E02A2235C3A4D00B051E9 /* DSButton.swift */; };
		325E02B1235C3A4D00B051E9 /* NavigationBar.swift in Sources */ = {isa = PBXBuildFile; fileRef = 325E02A3235C3A4D00B051E9 /* NavigationBar.swift */; };
		325E02B2235C3A4D00B051E9 /* DSSelect.swift in Sources */ = {isa = PBXBuildFile; fileRef = 325E02A4235C3A4D00B051E9 /* DSSelect.swift */; };
		325E02B3235C3A4D00B051E9 /* DSBottonGray.swift in Sources */ = {isa = PBXBuildFile; fileRef = 325E02A5235C3A4D00B051E9 /* DSBottonGray.swift */; };
		325E02B4235C3A4D00B051E9 /* DesignSystem.swift in Sources */ = {isa = PBXBuildFile; fileRef = 325E02A6235C3A4D00B051E9 /* DesignSystem.swift */; };
		325E02B5235C3A4D00B051E9 /* DSLabel.swift in Sources */ = {isa = PBXBuildFile; fileRef = 325E02A7235C3A4D00B051E9 /* DSLabel.swift */; };
		325E02B6235C3A4D00B051E9 /* DSDatePicker.swift in Sources */ = {isa = PBXBuildFile; fileRef = 325E02A8235C3A4D00B051E9 /* DSDatePicker.swift */; };
		325E02B7235C3A4D00B051E9 /* MyView.xib in Resources */ = {isa = PBXBuildFile; fileRef = 325E02AA235C3A4D00B051E9 /* MyView.xib */; };
		325E02B8235C3A4D00B051E9 /* MyView.swift in Sources */ = {isa = PBXBuildFile; fileRef = 325E02AB235C3A4D00B051E9 /* MyView.swift */; };
		325E02B9235C3A4D00B051E9 /* DSTextField.swift in Sources */ = {isa = PBXBuildFile; fileRef = 325E02AC235C3A4D00B051E9 /* DSTextField.swift */; };
		325E02BA235C3A4D00B051E9 /* DSButtonWhite.swift in Sources */ = {isa = PBXBuildFile; fileRef = 325E02AD235C3A4D00B051E9 /* DSButtonWhite.swift */; };
		325E02BB235C3A4D00B051E9 /* DSColorSelector.swift in Sources */ = {isa = PBXBuildFile; fileRef = 325E02AE235C3A4D00B051E9 /* DSColorSelector.swift */; };
		325E02C6235C485C00B051E9 /* Transition.swift in Sources */ = {isa = PBXBuildFile; fileRef = 325E02C5235C485C00B051E9 /* Transition.swift */; };
		32C96AF4236F81EC0035871E /* Montserrat-Bold.ttf in Resources */ = {isa = PBXBuildFile; fileRef = 325E023F235C31BB00B051E9 /* Montserrat-Bold.ttf */; };
		32C96AF5236F81EC0035871E /* Montserrat-SemiBold.ttf in Resources */ = {isa = PBXBuildFile; fileRef = 325E0242235C31BB00B051E9 /* Montserrat-SemiBold.ttf */; };
		32C96AF6236F81EC0035871E /* Montserrat-Regular.ttf in Resources */ = {isa = PBXBuildFile; fileRef = 325E0243235C31BB00B051E9 /* Montserrat-Regular.ttf */; };
		32C96AF9236F8C300035871E /* M7Space.swift in Sources */ = {isa = PBXBuildFile; fileRef = 32C96AF8236F8C300035871E /* M7Space.swift */; };
		32C96AFB236F90960035871E /* M7Paddings.swift in Sources */ = {isa = PBXBuildFile; fileRef = 32C96AFA236F90960035871E /* M7Paddings.swift */; };
		32F2B1BD236E2773007E0D5C /* OneTableViewCell.swift in Sources */ = {isa = PBXBuildFile; fileRef = 32F2B1BC236E2773007E0D5C /* OneTableViewCell.swift */; };
		32F2B1BF236E2B32007E0D5C /* OneTableView.swift in Sources */ = {isa = PBXBuildFile; fileRef = 32F2B1BE236E2B32007E0D5C /* OneTableView.swift */; };
		468E9DA32372D88800CD36A4 /* M7UIKit.swift in Sources */ = {isa = PBXBuildFile; fileRef = 468E9DA22372D88800CD36A4 /* M7UIKit.swift */; };
/* End PBXBuildFile section */

/* Begin PBXContainerItemProxy section */
		325E0204235BA57000B051E9 /* PBXContainerItemProxy */ = {
			isa = PBXContainerItemProxy;
			containerPortal = 325E01F0235BA57000B051E9 /* Project object */;
			proxyType = 1;
			remoteGlobalIDString = 325E01F8235BA57000B051E9;
			remoteInfo = M7UIKit;
		};
		325E022D235BA64000B051E9 /* PBXContainerItemProxy */ = {
			isa = PBXContainerItemProxy;
			containerPortal = 325E01F0235BA57000B051E9 /* Project object */;
			proxyType = 1;
			remoteGlobalIDString = 325E0216235BA63D00B051E9;
			remoteInfo = M7UIKitExamples;
		};
		325E029D235C39BA00B051E9 /* PBXContainerItemProxy */ = {
			isa = PBXContainerItemProxy;
			containerPortal = 325E01F0235BA57000B051E9 /* Project object */;
			proxyType = 1;
			remoteGlobalIDString = 325E01F8235BA57000B051E9;
			remoteInfo = M7UIKit;
		};
/* End PBXContainerItemProxy section */

/* Begin PBXCopyFilesBuildPhase section */
		325E029F235C39BA00B051E9 /* Embed Frameworks */ = {
			isa = PBXCopyFilesBuildPhase;
			buildActionMask = 2147483647;
			dstPath = "";
			dstSubfolderSpec = 10;
			files = (
				325E029C235C39BA00B051E9 /* M7UIKit.framework in Embed Frameworks */,
			);
			name = "Embed Frameworks";
			runOnlyForDeploymentPostprocessing = 0;
		};
/* End PBXCopyFilesBuildPhase section */

/* Begin PBXFileReference section */
		3212FEAE23644ECB0057213C /* TableViewCell.swift */ = {isa = PBXFileReference; fileEncoding = 4; lastKnownFileType = sourcecode.swift; path = TableViewCell.swift; sourceTree = "<group>"; };
		3212FEB223645BD20057213C /* TableViewCellDemoController.swift */ = {isa = PBXFileReference; lastKnownFileType = sourcecode.swift; path = TableViewCellDemoController.swift; sourceTree = "<group>"; };
		323F34EC2370579F00B96AE9 /* M7Label.swift */ = {isa = PBXFileReference; lastKnownFileType = sourcecode.swift; path = M7Label.swift; sourceTree = "<group>"; };
		3255204A2366398D002E7485 /* M7TableViewCell.swift */ = {isa = PBXFileReference; lastKnownFileType = sourcecode.swift; path = M7TableViewCell.swift; sourceTree = "<group>"; };
		32552052236643C9002E7485 /* TableCellDemo.swift */ = {isa = PBXFileReference; lastKnownFileType = sourcecode.swift; path = TableCellDemo.swift; sourceTree = "<group>"; };
		32552057236797AA002E7485 /* M7Switch.swift */ = {isa = PBXFileReference; fileEncoding = 4; lastKnownFileType = sourcecode.swift; path = M7Switch.swift; sourceTree = "<group>"; };
		3255205F236A0C07002E7485 /* M7ChatCell.swift */ = {isa = PBXFileReference; lastKnownFileType = sourcecode.swift; path = M7ChatCell.swift; sourceTree = "<group>"; };
		32552061236A1301002E7485 /* MessageBubbleDemo.swift */ = {isa = PBXFileReference; lastKnownFileType = sourcecode.swift; path = MessageBubbleDemo.swift; sourceTree = "<group>"; };
		32552063236A227C002E7485 /* BubbleView.swift */ = {isa = PBXFileReference; lastKnownFileType = sourcecode.swift; path = BubbleView.swift; sourceTree = "<group>"; };
		325E01F9235BA57000B051E9 /* M7UIKit.framework */ = {isa = PBXFileReference; explicitFileType = wrapper.framework; includeInIndex = 0; path = M7UIKit.framework; sourceTree = BUILT_PRODUCTS_DIR; };
		325E01FC235BA57000B051E9 /* M7UIKit.h */ = {isa = PBXFileReference; lastKnownFileType = sourcecode.c.h; path = M7UIKit.h; sourceTree = "<group>"; };
		325E01FD235BA57000B051E9 /* Info.plist */ = {isa = PBXFileReference; lastKnownFileType = text.plist.xml; path = Info.plist; sourceTree = "<group>"; };
		325E0202235BA57000B051E9 /* M7UIKitTests.xctest */ = {isa = PBXFileReference; explicitFileType = wrapper.cfbundle; includeInIndex = 0; path = M7UIKitTests.xctest; sourceTree = BUILT_PRODUCTS_DIR; };
		325E0207235BA57000B051E9 /* M7UIKitTests.swift */ = {isa = PBXFileReference; lastKnownFileType = sourcecode.swift; path = M7UIKitTests.swift; sourceTree = "<group>"; };
		325E0209235BA57000B051E9 /* Info.plist */ = {isa = PBXFileReference; lastKnownFileType = text.plist.xml; path = Info.plist; sourceTree = "<group>"; };
		325E0217235BA63D00B051E9 /* M7UIKitExamples.app */ = {isa = PBXFileReference; explicitFileType = wrapper.application; includeInIndex = 0; path = M7UIKitExamples.app; sourceTree = BUILT_PRODUCTS_DIR; };
		325E0219235BA63D00B051E9 /* AppDelegate.swift */ = {isa = PBXFileReference; lastKnownFileType = sourcecode.swift; path = AppDelegate.swift; sourceTree = "<group>"; };
		325E021B235BA63D00B051E9 /* SceneDelegate.swift */ = {isa = PBXFileReference; lastKnownFileType = sourcecode.swift; path = SceneDelegate.swift; sourceTree = "<group>"; };
		325E021D235BA63D00B051E9 /* ViewController.swift */ = {isa = PBXFileReference; lastKnownFileType = sourcecode.swift; path = ViewController.swift; sourceTree = "<group>"; };
		325E0220235BA63D00B051E9 /* Base */ = {isa = PBXFileReference; lastKnownFileType = file.storyboard; name = Base; path = Base.lproj/Main.storyboard; sourceTree = "<group>"; };
		325E0222235BA63F00B051E9 /* Assets.xcassets */ = {isa = PBXFileReference; lastKnownFileType = folder.assetcatalog; path = Assets.xcassets; sourceTree = "<group>"; };
		325E0225235BA63F00B051E9 /* Base */ = {isa = PBXFileReference; lastKnownFileType = file.storyboard; name = Base; path = Base.lproj/LaunchScreen.storyboard; sourceTree = "<group>"; };
		325E0227235BA63F00B051E9 /* Info.plist */ = {isa = PBXFileReference; lastKnownFileType = text.plist.xml; path = Info.plist; sourceTree = "<group>"; };
		325E022C235BA64000B051E9 /* M7UIKitExamplesTests.xctest */ = {isa = PBXFileReference; explicitFileType = wrapper.cfbundle; includeInIndex = 0; path = M7UIKitExamplesTests.xctest; sourceTree = BUILT_PRODUCTS_DIR; };
		325E0230235BA64000B051E9 /* M7UIKitExamplesTests.swift */ = {isa = PBXFileReference; lastKnownFileType = sourcecode.swift; path = M7UIKitExamplesTests.swift; sourceTree = "<group>"; };
		325E0232235BA64000B051E9 /* Info.plist */ = {isa = PBXFileReference; lastKnownFileType = text.plist.xml; path = Info.plist; sourceTree = "<group>"; };
		325E023A235C31BB00B051E9 /* DS.swift */ = {isa = PBXFileReference; fileEncoding = 4; lastKnownFileType = sourcecode.swift; path = DS.swift; sourceTree = "<group>"; };
		325E023C235C31BB00B051E9 /* M7Colors.swift */ = {isa = PBXFileReference; fileEncoding = 4; lastKnownFileType = sourcecode.swift; path = M7Colors.swift; sourceTree = "<group>"; };
		325E023F235C31BB00B051E9 /* Montserrat-Bold.ttf */ = {isa = PBXFileReference; lastKnownFileType = file; path = "Montserrat-Bold.ttf"; sourceTree = "<group>"; };
		325E0241235C31BB00B051E9 /* M7Fonts.swift */ = {isa = PBXFileReference; fileEncoding = 4; lastKnownFileType = sourcecode.swift; path = M7Fonts.swift; sourceTree = "<group>"; };
		325E0242235C31BB00B051E9 /* Montserrat-SemiBold.ttf */ = {isa = PBXFileReference; lastKnownFileType = file; path = "Montserrat-SemiBold.ttf"; sourceTree = "<group>"; };
		325E0243235C31BB00B051E9 /* Montserrat-Regular.ttf */ = {isa = PBXFileReference; lastKnownFileType = file; path = "Montserrat-Regular.ttf"; sourceTree = "<group>"; };
		325E0244235C31BB00B051E9 /* OCRAEXT.TTF */ = {isa = PBXFileReference; lastKnownFileType = file; path = OCRAEXT.TTF; sourceTree = "<group>"; };
		325E0246235C31BB00B051E9 /* DefaultTheme.swift */ = {isa = PBXFileReference; fileEncoding = 4; lastKnownFileType = sourcecode.swift; path = DefaultTheme.swift; sourceTree = "<group>"; };
		325E0249235C31BB00B051E9 /* ModalInfoController.xib */ = {isa = PBXFileReference; fileEncoding = 4; lastKnownFileType = file.xib; path = ModalInfoController.xib; sourceTree = "<group>"; };
		325E024A235C31BB00B051E9 /* ModalInfoController.swift */ = {isa = PBXFileReference; fileEncoding = 4; lastKnownFileType = sourcecode.swift; path = ModalInfoController.swift; sourceTree = "<group>"; };
		325E024B235C31BB00B051E9 /* ModalInfoModel.swift */ = {isa = PBXFileReference; fileEncoding = 4; lastKnownFileType = sourcecode.swift; path = ModalInfoModel.swift; sourceTree = "<group>"; };
		325E024D235C31BB00B051E9 /* Card.swift */ = {isa = PBXFileReference; fileEncoding = 4; lastKnownFileType = sourcecode.swift; path = Card.swift; sourceTree = "<group>"; };
		325E024E235C31BB00B051E9 /* Card.xib */ = {isa = PBXFileReference; fileEncoding = 4; lastKnownFileType = file.xib; path = Card.xib; sourceTree = "<group>"; };
		325E0250235C31BB00B051E9 /* DatePicker.swift */ = {isa = PBXFileReference; fileEncoding = 4; lastKnownFileType = sourcecode.swift; path = DatePicker.swift; sourceTree = "<group>"; };
		325E0251235C31BB00B051E9 /* DatePicker1.xib */ = {isa = PBXFileReference; fileEncoding = 4; lastKnownFileType = file.xib; path = DatePicker1.xib; sourceTree = "<group>"; };
		325E0252235C31BB00B051E9 /* DatePicker.xib */ = {isa = PBXFileReference; fileEncoding = 4; lastKnownFileType = file.xib; path = DatePicker.xib; sourceTree = "<group>"; };
		325E0253235C31BB00B051E9 /* DatePickerView.swift */ = {isa = PBXFileReference; fileEncoding = 4; lastKnownFileType = sourcecode.swift; path = DatePickerView.swift; sourceTree = "<group>"; };
		325E0265235C31BB00B051E9 /* TextField.swift */ = {isa = PBXFileReference; fileEncoding = 4; lastKnownFileType = sourcecode.swift; path = TextField.swift; sourceTree = "<group>"; };
		325E0267235C31BB00B051E9 /* SwitchRow.xib */ = {isa = PBXFileReference; fileEncoding = 4; lastKnownFileType = file.xib; path = SwitchRow.xib; sourceTree = "<group>"; };
		325E0268235C31BB00B051E9 /* SwitchRow.swift */ = {isa = PBXFileReference; fileEncoding = 4; lastKnownFileType = sourcecode.swift; path = SwitchRow.swift; sourceTree = "<group>"; };
		325E026A235C31BB00B051E9 /* Button.swift */ = {isa = PBXFileReference; fileEncoding = 4; lastKnownFileType = sourcecode.swift; path = Button.swift; sourceTree = "<group>"; };
		325E026B235C31BB00B051E9 /* Buttons.xcassets */ = {isa = PBXFileReference; lastKnownFileType = folder.assetcatalog; path = Buttons.xcassets; sourceTree = "<group>"; };
		325E026C235C31BB00B051E9 /* Icons.xcassets */ = {isa = PBXFileReference; lastKnownFileType = folder.assetcatalog; path = Icons.xcassets; sourceTree = "<group>"; };
		325E02A1235C3A4D00B051E9 /* Alert.swift */ = {isa = PBXFileReference; fileEncoding = 4; lastKnownFileType = sourcecode.swift; path = Alert.swift; sourceTree = "<group>"; };
		325E02A2235C3A4D00B051E9 /* DSButton.swift */ = {isa = PBXFileReference; fileEncoding = 4; lastKnownFileType = sourcecode.swift; path = DSButton.swift; sourceTree = "<group>"; };
		325E02A3235C3A4D00B051E9 /* NavigationBar.swift */ = {isa = PBXFileReference; fileEncoding = 4; lastKnownFileType = sourcecode.swift; path = NavigationBar.swift; sourceTree = "<group>"; };
		325E02A4235C3A4D00B051E9 /* DSSelect.swift */ = {isa = PBXFileReference; fileEncoding = 4; lastKnownFileType = sourcecode.swift; path = DSSelect.swift; sourceTree = "<group>"; };
		325E02A5235C3A4D00B051E9 /* DSBottonGray.swift */ = {isa = PBXFileReference; fileEncoding = 4; lastKnownFileType = sourcecode.swift; path = DSBottonGray.swift; sourceTree = "<group>"; };
		325E02A6235C3A4D00B051E9 /* DesignSystem.swift */ = {isa = PBXFileReference; fileEncoding = 4; lastKnownFileType = sourcecode.swift; path = DesignSystem.swift; sourceTree = "<group>"; };
		325E02A7235C3A4D00B051E9 /* DSLabel.swift */ = {isa = PBXFileReference; fileEncoding = 4; lastKnownFileType = sourcecode.swift; path = DSLabel.swift; sourceTree = "<group>"; };
		325E02A8235C3A4D00B051E9 /* DSDatePicker.swift */ = {isa = PBXFileReference; fileEncoding = 4; lastKnownFileType = sourcecode.swift; path = DSDatePicker.swift; sourceTree = "<group>"; };
		325E02AA235C3A4D00B051E9 /* MyView.xib */ = {isa = PBXFileReference; fileEncoding = 4; lastKnownFileType = file.xib; path = MyView.xib; sourceTree = "<group>"; };
		325E02AB235C3A4D00B051E9 /* MyView.swift */ = {isa = PBXFileReference; fileEncoding = 4; lastKnownFileType = sourcecode.swift; path = MyView.swift; sourceTree = "<group>"; };
		325E02AC235C3A4D00B051E9 /* DSTextField.swift */ = {isa = PBXFileReference; fileEncoding = 4; lastKnownFileType = sourcecode.swift; path = DSTextField.swift; sourceTree = "<group>"; };
		325E02AD235C3A4D00B051E9 /* DSButtonWhite.swift */ = {isa = PBXFileReference; fileEncoding = 4; lastKnownFileType = sourcecode.swift; path = DSButtonWhite.swift; sourceTree = "<group>"; };
		325E02AE235C3A4D00B051E9 /* DSColorSelector.swift */ = {isa = PBXFileReference; fileEncoding = 4; lastKnownFileType = sourcecode.swift; path = DSColorSelector.swift; sourceTree = "<group>"; };
		325E02C5235C485C00B051E9 /* Transition.swift */ = {isa = PBXFileReference; fileEncoding = 4; lastKnownFileType = sourcecode.swift; path = Transition.swift; sourceTree = "<group>"; };
		32C96AF8236F8C300035871E /* M7Space.swift */ = {isa = PBXFileReference; lastKnownFileType = sourcecode.swift; path = M7Space.swift; sourceTree = "<group>"; };
		32C96AFA236F90960035871E /* M7Paddings.swift */ = {isa = PBXFileReference; lastKnownFileType = sourcecode.swift; path = M7Paddings.swift; sourceTree = "<group>"; };
		32F2B1BC236E2773007E0D5C /* OneTableViewCell.swift */ = {isa = PBXFileReference; lastKnownFileType = sourcecode.swift; path = OneTableViewCell.swift; sourceTree = "<group>"; };
		32F2B1BE236E2B32007E0D5C /* OneTableView.swift */ = {isa = PBXFileReference; lastKnownFileType = sourcecode.swift; path = OneTableView.swift; sourceTree = "<group>"; };
		468E9DA22372D88800CD36A4 /* M7UIKit.swift */ = {isa = PBXFileReference; lastKnownFileType = sourcecode.swift; path = M7UIKit.swift; sourceTree = "<group>"; };
/* End PBXFileReference section */

/* Begin PBXFrameworksBuildPhase section */
		325E01F6235BA57000B051E9 /* Frameworks */ = {
			isa = PBXFrameworksBuildPhase;
			buildActionMask = 2147483647;
			files = (
			);
			runOnlyForDeploymentPostprocessing = 0;
		};
		325E01FF235BA57000B051E9 /* Frameworks */ = {
			isa = PBXFrameworksBuildPhase;
			buildActionMask = 2147483647;
			files = (
				325E0203235BA57000B051E9 /* M7UIKit.framework in Frameworks */,
			);
			runOnlyForDeploymentPostprocessing = 0;
		};
		325E0214235BA63D00B051E9 /* Frameworks */ = {
			isa = PBXFrameworksBuildPhase;
			buildActionMask = 2147483647;
			files = (
				325E029B235C39BA00B051E9 /* M7UIKit.framework in Frameworks */,
			);
			runOnlyForDeploymentPostprocessing = 0;
		};
		325E0229235BA64000B051E9 /* Frameworks */ = {
			isa = PBXFrameworksBuildPhase;
			buildActionMask = 2147483647;
			files = (
			);
			runOnlyForDeploymentPostprocessing = 0;
		};
/* End PBXFrameworksBuildPhase section */

/* Begin PBXGroup section */
		320A0363236B734F00992327 /* Temp */ = {
			isa = PBXGroup;
			children = (
				3255204A2366398D002E7485 /* M7TableViewCell.swift */,
				3212FEAE23644ECB0057213C /* TableViewCell.swift */,
				3255205F236A0C07002E7485 /* M7ChatCell.swift */,
				32552063236A227C002E7485 /* BubbleView.swift */,
			);
			path = Temp;
			sourceTree = "<group>";
		};
		320BE42E23644CD200C068C0 /* TableViewCell */ = {
			isa = PBXGroup;
			children = (
				32F2B1BC236E2773007E0D5C /* OneTableViewCell.swift */,
			);
			path = TableViewCell;
			sourceTree = "<group>";
		};
		3228E0F723729BF800BDDD53 /* Fonts */ = {
			isa = PBXGroup;
			children = (
				325E023F235C31BB00B051E9 /* Montserrat-Bold.ttf */,
				325E0242235C31BB00B051E9 /* Montserrat-SemiBold.ttf */,
				325E0243235C31BB00B051E9 /* Montserrat-Regular.ttf */,
				325E0244235C31BB00B051E9 /* OCRAEXT.TTF */,
			);
			path = Fonts;
			sourceTree = "<group>";
		};
		323F34EB2370577100B96AE9 /* Label */ = {
			isa = PBXGroup;
			children = (
				323F34EC2370579F00B96AE9 /* M7Label.swift */,
			);
			path = Label;
			sourceTree = "<group>";
		};
		3255205623679755002E7485 /* Switch */ = {
			isa = PBXGroup;
			children = (
				32552057236797AA002E7485 /* M7Switch.swift */,
			);
			path = Switch;
			sourceTree = "<group>";
		};
		325E01EF235BA57000B051E9 = {
			isa = PBXGroup;
			children = (
				325E01FB235BA57000B051E9 /* M7UIKit */,
				325E0206235BA57000B051E9 /* M7UIKitTests */,
				325E0218235BA63D00B051E9 /* M7UIKitExamples */,
				325E022F235BA64000B051E9 /* M7UIKitExamplesTests */,
				325E01FA235BA57000B051E9 /* Products */,
				325E029A235C39BA00B051E9 /* Frameworks */,
			);
			sourceTree = "<group>";
		};
		325E01FA235BA57000B051E9 /* Products */ = {
			isa = PBXGroup;
			children = (
				325E01F9235BA57000B051E9 /* M7UIKit.framework */,
				325E0202235BA57000B051E9 /* M7UIKitTests.xctest */,
				325E0217235BA63D00B051E9 /* M7UIKitExamples.app */,
				325E022C235BA64000B051E9 /* M7UIKitExamplesTests.xctest */,
			);
			name = Products;
			sourceTree = "<group>";
		};
		325E01FB235BA57000B051E9 /* M7UIKit */ = {
			isa = PBXGroup;
			children = (
				325E0245235C31BB00B051E9 /* Themes */,
				325E0239235C31BB00B051E9 /* Core */,
				325E0247235C31BB00B051E9 /* Components */,
				325E0293235C31C500B051E9 /* Resources */,
				325E01FC235BA57000B051E9 /* M7UIKit.h */,
				468E9DA22372D88800CD36A4 /* M7UIKit.swift */,
				325E01FD235BA57000B051E9 /* Info.plist */,
			);
			path = M7UIKit;
			sourceTree = "<group>";
		};
		325E0206235BA57000B051E9 /* M7UIKitTests */ = {
			isa = PBXGroup;
			children = (
				325E0207235BA57000B051E9 /* M7UIKitTests.swift */,
				325E0209235BA57000B051E9 /* Info.plist */,
			);
			path = M7UIKitTests;
			sourceTree = "<group>";
		};
		325E0218235BA63D00B051E9 /* M7UIKitExamples */ = {
			isa = PBXGroup;
			children = (
				325E0219235BA63D00B051E9 /* AppDelegate.swift */,
				325E021B235BA63D00B051E9 /* SceneDelegate.swift */,
				325E021D235BA63D00B051E9 /* ViewController.swift */,
				3212FEB223645BD20057213C /* TableViewCellDemoController.swift */,
				32552052236643C9002E7485 /* TableCellDemo.swift */,
				32F2B1BE236E2B32007E0D5C /* OneTableView.swift */,
				32552061236A1301002E7485 /* MessageBubbleDemo.swift */,
				325E021F235BA63D00B051E9 /* Main.storyboard */,
				325E0222235BA63F00B051E9 /* Assets.xcassets */,
				325E0224235BA63F00B051E9 /* LaunchScreen.storyboard */,
				325E0227235BA63F00B051E9 /* Info.plist */,
			);
			path = M7UIKitExamples;
			sourceTree = "<group>";
		};
		325E022F235BA64000B051E9 /* M7UIKitExamplesTests */ = {
			isa = PBXGroup;
			children = (
				325E0230235BA64000B051E9 /* M7UIKitExamplesTests.swift */,
				325E0232235BA64000B051E9 /* Info.plist */,
			);
			path = M7UIKitExamplesTests;
			sourceTree = "<group>";
		};
		325E0239235C31BB00B051E9 /* Core */ = {
			isa = PBXGroup;
			children = (
				32C96AF8236F8C300035871E /* M7Space.swift */,
				32C96AFA236F90960035871E /* M7Paddings.swift */,
				325E023C235C31BB00B051E9 /* M7Colors.swift */,
				325E0241235C31BB00B051E9 /* M7Fonts.swift */,
			);
			path = Core;
			sourceTree = "<group>";
		};
		325E0245235C31BB00B051E9 /* Themes */ = {
			isa = PBXGroup;
			children = (
				325E0246235C31BB00B051E9 /* DefaultTheme.swift */,
			);
			path = Themes;
			sourceTree = "<group>";
		};
		325E0247235C31BB00B051E9 /* Components */ = {
			isa = PBXGroup;
			children = (
				323F34EB2370577100B96AE9 /* Label */,
				3255205623679755002E7485 /* Switch */,
				320BE42E23644CD200C068C0 /* TableViewCell */,
				325E0248235C31BB00B051E9 /* ModalInfo */,
				325E024C235C31BB00B051E9 /* Card */,
				325E024F235C31BB00B051E9 /* DatePicker */,
				325E0263235C31BB00B051E9 /* TextField */,
				325E0266235C31BB00B051E9 /* SwitchRow */,
				325E0269235C31BB00B051E9 /* Button */,
				325E02A0235C3A4D00B051E9 /* Legacy */,
				320A0363236B734F00992327 /* Temp */,
			);
			path = Components;
			sourceTree = "<group>";
		};
		325E0248235C31BB00B051E9 /* ModalInfo */ = {
			isa = PBXGroup;
			children = (
				325E0249235C31BB00B051E9 /* ModalInfoController.xib */,
				325E024A235C31BB00B051E9 /* ModalInfoController.swift */,
				325E024B235C31BB00B051E9 /* ModalInfoModel.swift */,
			);
			path = ModalInfo;
			sourceTree = "<group>";
		};
		325E024C235C31BB00B051E9 /* Card */ = {
			isa = PBXGroup;
			children = (
				325E024D235C31BB00B051E9 /* Card.swift */,
				325E024E235C31BB00B051E9 /* Card.xib */,
			);
			path = Card;
			sourceTree = "<group>";
		};
		325E024F235C31BB00B051E9 /* DatePicker */ = {
			isa = PBXGroup;
			children = (
				325E0250235C31BB00B051E9 /* DatePicker.swift */,
				325E0251235C31BB00B051E9 /* DatePicker1.xib */,
				325E0252235C31BB00B051E9 /* DatePicker.xib */,
				325E0253235C31BB00B051E9 /* DatePickerView.swift */,
			);
			path = DatePicker;
			sourceTree = "<group>";
		};
		325E0263235C31BB00B051E9 /* TextField */ = {
			isa = PBXGroup;
			children = (
				325E0264235C31BB00B051E9 /* ModalInfo */,
				325E0265235C31BB00B051E9 /* TextField.swift */,
			);
			path = TextField;
			sourceTree = "<group>";
		};
		325E0264235C31BB00B051E9 /* ModalInfo */ = {
			isa = PBXGroup;
			children = (
			);
			path = ModalInfo;
			sourceTree = "<group>";
		};
		325E0266235C31BB00B051E9 /* SwitchRow */ = {
			isa = PBXGroup;
			children = (
				325E0267235C31BB00B051E9 /* SwitchRow.xib */,
				325E0268235C31BB00B051E9 /* SwitchRow.swift */,
			);
			path = SwitchRow;
			sourceTree = "<group>";
		};
		325E0269235C31BB00B051E9 /* Button */ = {
			isa = PBXGroup;
			children = (
				325E026A235C31BB00B051E9 /* Button.swift */,
			);
			path = Button;
			sourceTree = "<group>";
		};
		325E0293235C31C500B051E9 /* Resources */ = {
			isa = PBXGroup;
			children = (
				3228E0F723729BF800BDDD53 /* Fonts */,
				325E026B235C31BB00B051E9 /* Buttons.xcassets */,
				325E026C235C31BB00B051E9 /* Icons.xcassets */,
			);
			path = Resources;
			sourceTree = "<group>";
		};
		325E029A235C39BA00B051E9 /* Frameworks */ = {
			isa = PBXGroup;
			children = (
			);
			name = Frameworks;
			sourceTree = "<group>";
		};
		325E02A0235C3A4D00B051E9 /* Legacy */ = {
			isa = PBXGroup;
			children = (
				325E023A235C31BB00B051E9 /* DS.swift */,
				325E02C5235C485C00B051E9 /* Transition.swift */,
				325E02A1235C3A4D00B051E9 /* Alert.swift */,
				325E02A2235C3A4D00B051E9 /* DSButton.swift */,
				325E02A3235C3A4D00B051E9 /* NavigationBar.swift */,
				325E02A4235C3A4D00B051E9 /* DSSelect.swift */,
				325E02A5235C3A4D00B051E9 /* DSBottonGray.swift */,
				325E02A6235C3A4D00B051E9 /* DesignSystem.swift */,
				325E02A7235C3A4D00B051E9 /* DSLabel.swift */,
				325E02A8235C3A4D00B051E9 /* DSDatePicker.swift */,
				325E02A9235C3A4D00B051E9 /* Lern */,
				325E02AC235C3A4D00B051E9 /* DSTextField.swift */,
				325E02AD235C3A4D00B051E9 /* DSButtonWhite.swift */,
				325E02AE235C3A4D00B051E9 /* DSColorSelector.swift */,
			);
			path = Legacy;
			sourceTree = "<group>";
		};
		325E02A9235C3A4D00B051E9 /* Lern */ = {
			isa = PBXGroup;
			children = (
				325E02AA235C3A4D00B051E9 /* MyView.xib */,
				325E02AB235C3A4D00B051E9 /* MyView.swift */,
			);
			path = Lern;
			sourceTree = "<group>";
		};
/* End PBXGroup section */

/* Begin PBXHeadersBuildPhase section */
		325E01F4235BA57000B051E9 /* Headers */ = {
			isa = PBXHeadersBuildPhase;
			buildActionMask = 2147483647;
			files = (
				325E020A235BA57000B051E9 /* M7UIKit.h in Headers */,
			);
			runOnlyForDeploymentPostprocessing = 0;
		};
/* End PBXHeadersBuildPhase section */

/* Begin PBXNativeTarget section */
		325E01F8235BA57000B051E9 /* M7UIKit */ = {
			isa = PBXNativeTarget;
			buildConfigurationList = 325E020D235BA57000B051E9 /* Build configuration list for PBXNativeTarget "M7UIKit" */;
			buildPhases = (
				325E01F4235BA57000B051E9 /* Headers */,
				325E01F5235BA57000B051E9 /* Sources */,
				325E01F6235BA57000B051E9 /* Frameworks */,
				325E01F7235BA57000B051E9 /* Resources */,
			);
			buildRules = (
			);
			dependencies = (
			);
			name = M7UIKit;
			productName = M7UIKit;
			productReference = 325E01F9235BA57000B051E9 /* M7UIKit.framework */;
			productType = "com.apple.product-type.framework";
		};
		325E0201235BA57000B051E9 /* M7UIKitTests */ = {
			isa = PBXNativeTarget;
			buildConfigurationList = 325E0210235BA57000B051E9 /* Build configuration list for PBXNativeTarget "M7UIKitTests" */;
			buildPhases = (
				325E01FE235BA57000B051E9 /* Sources */,
				325E01FF235BA57000B051E9 /* Frameworks */,
				325E0200235BA57000B051E9 /* Resources */,
			);
			buildRules = (
			);
			dependencies = (
				325E0205235BA57000B051E9 /* PBXTargetDependency */,
			);
			name = M7UIKitTests;
			productName = M7UIKitTests;
			productReference = 325E0202235BA57000B051E9 /* M7UIKitTests.xctest */;
			productType = "com.apple.product-type.bundle.unit-test";
		};
		325E0216235BA63D00B051E9 /* M7UIKitExamples */ = {
			isa = PBXNativeTarget;
			buildConfigurationList = 325E0233235BA64000B051E9 /* Build configuration list for PBXNativeTarget "M7UIKitExamples" */;
			buildPhases = (
				325E0213235BA63D00B051E9 /* Sources */,
				325E0214235BA63D00B051E9 /* Frameworks */,
				325E0215235BA63D00B051E9 /* Resources */,
				325E029F235C39BA00B051E9 /* Embed Frameworks */,
			);
			buildRules = (
			);
			dependencies = (
				325E029E235C39BA00B051E9 /* PBXTargetDependency */,
			);
			name = M7UIKitExamples;
			productName = M7UIKitExamples;
			productReference = 325E0217235BA63D00B051E9 /* M7UIKitExamples.app */;
			productType = "com.apple.product-type.application";
		};
		325E022B235BA64000B051E9 /* M7UIKitExamplesTests */ = {
			isa = PBXNativeTarget;
			buildConfigurationList = 325E0236235BA64000B051E9 /* Build configuration list for PBXNativeTarget "M7UIKitExamplesTests" */;
			buildPhases = (
				325E0228235BA64000B051E9 /* Sources */,
				325E0229235BA64000B051E9 /* Frameworks */,
				325E022A235BA64000B051E9 /* Resources */,
			);
			buildRules = (
			);
			dependencies = (
				325E022E235BA64000B051E9 /* PBXTargetDependency */,
			);
			name = M7UIKitExamplesTests;
			productName = M7UIKitExamplesTests;
			productReference = 325E022C235BA64000B051E9 /* M7UIKitExamplesTests.xctest */;
			productType = "com.apple.product-type.bundle.unit-test";
		};
/* End PBXNativeTarget section */

/* Begin PBXProject section */
		325E01F0235BA57000B051E9 /* Project object */ = {
			isa = PBXProject;
			attributes = {
				LastSwiftUpdateCheck = 1110;
				LastUpgradeCheck = 1110;
				ORGANIZATIONNAME = "Aleksandr Romanov";
				TargetAttributes = {
					325E01F8235BA57000B051E9 = {
						CreatedOnToolsVersion = 11.1;
					};
					325E0201235BA57000B051E9 = {
						CreatedOnToolsVersion = 11.1;
					};
					325E0216235BA63D00B051E9 = {
						CreatedOnToolsVersion = 11.1;
					};
					325E022B235BA64000B051E9 = {
						CreatedOnToolsVersion = 11.1;
						TestTargetID = 325E0216235BA63D00B051E9;
					};
				};
			};
			buildConfigurationList = 325E01F3235BA57000B051E9 /* Build configuration list for PBXProject "M7UIKit" */;
			compatibilityVersion = "Xcode 9.3";
			developmentRegion = en;
			hasScannedForEncodings = 0;
			knownRegions = (
				en,
				Base,
			);
			mainGroup = 325E01EF235BA57000B051E9;
			productRefGroup = 325E01FA235BA57000B051E9 /* Products */;
			projectDirPath = "";
			projectRoot = "";
			targets = (
				325E01F8235BA57000B051E9 /* M7UIKit */,
				325E0201235BA57000B051E9 /* M7UIKitTests */,
				325E0216235BA63D00B051E9 /* M7UIKitExamples */,
				325E022B235BA64000B051E9 /* M7UIKitExamplesTests */,
			);
		};
/* End PBXProject section */

/* Begin PBXResourcesBuildPhase section */
		325E01F7235BA57000B051E9 /* Resources */ = {
			isa = PBXResourcesBuildPhase;
			buildActionMask = 2147483647;
			files = (
				325E0274235C31BC00B051E9 /* Montserrat-Regular.ttf in Resources */,
				325E027B235C31BC00B051E9 /* Card.xib in Resources */,
				325E028E235C31BC00B051E9 /* SwitchRow.xib in Resources */,
				325E0275235C31BC00B051E9 /* OCRAEXT.TTF in Resources */,
				325E0291235C31BC00B051E9 /* Buttons.xcassets in Resources */,
				325E027E235C31BC00B051E9 /* DatePicker.xib in Resources */,
				325E027D235C31BC00B051E9 /* DatePicker1.xib in Resources */,
				325E0273235C31BC00B051E9 /* Montserrat-SemiBold.ttf in Resources */,
				325E0270235C31BC00B051E9 /* Montserrat-Bold.ttf in Resources */,
				325E02B7235C3A4D00B051E9 /* MyView.xib in Resources */,
				325E0292235C31BC00B051E9 /* Icons.xcassets in Resources */,
				325E0277235C31BC00B051E9 /* ModalInfoController.xib in Resources */,
			);
			runOnlyForDeploymentPostprocessing = 0;
		};
		325E0200235BA57000B051E9 /* Resources */ = {
			isa = PBXResourcesBuildPhase;
			buildActionMask = 2147483647;
			files = (
			);
			runOnlyForDeploymentPostprocessing = 0;
		};
		325E0215235BA63D00B051E9 /* Resources */ = {
			isa = PBXResourcesBuildPhase;
			buildActionMask = 2147483647;
			files = (
				325E0226235BA63F00B051E9 /* LaunchScreen.storyboard in Resources */,
				325E0223235BA63F00B051E9 /* Assets.xcassets in Resources */,
				325520592368DFF2002E7485 /* Icons.xcassets in Resources */,
				3255205C2368E035002E7485 /* DatePicker.xib in Resources */,
				32C96AF4236F81EC0035871E /* Montserrat-Bold.ttf in Resources */,
				3255205A2368DFFD002E7485 /* Buttons.xcassets in Resources */,
				32C96AF5236F81EC0035871E /* Montserrat-SemiBold.ttf in Resources */,
				325E0221235BA63D00B051E9 /* Main.storyboard in Resources */,
				32C96AF6236F81EC0035871E /* Montserrat-Regular.ttf in Resources */,
				3255205B2368E030002E7485 /* DatePicker1.xib in Resources */,
			);
			runOnlyForDeploymentPostprocessing = 0;
		};
		325E022A235BA64000B051E9 /* Resources */ = {
			isa = PBXResourcesBuildPhase;
			buildActionMask = 2147483647;
			files = (
			);
			runOnlyForDeploymentPostprocessing = 0;
		};
/* End PBXResourcesBuildPhase section */

/* Begin PBXSourcesBuildPhase section */
		325E01F5235BA57000B051E9 /* Sources */ = {
			isa = PBXSourcesBuildPhase;
			buildActionMask = 2147483647;
			files = (
				325E02C6235C485C00B051E9 /* Transition.swift in Sources */,
				325E02B6235C3A4D00B051E9 /* DSDatePicker.swift in Sources */,
				325E028F235C31BC00B051E9 /* SwitchRow.swift in Sources */,
				325E028D235C31BC00B051E9 /* TextField.swift in Sources */,
				323F34ED2370579F00B96AE9 /* M7Label.swift in Sources */,
				325E026D235C31BB00B051E9 /* DS.swift in Sources */,
				325E02AF235C3A4D00B051E9 /* Alert.swift in Sources */,
				468E9DA32372D88800CD36A4 /* M7UIKit.swift in Sources */,
				3212FEB023644ECB0057213C /* TableViewCell.swift in Sources */,
				32552058236797AA002E7485 /* M7Switch.swift in Sources */,
				325E027A235C31BC00B051E9 /* Card.swift in Sources */,
				32F2B1BD236E2773007E0D5C /* OneTableViewCell.swift in Sources */,
				32C96AFB236F90960035871E /* M7Paddings.swift in Sources */,
				325E0279235C31BC00B051E9 /* ModalInfoModel.swift in Sources */,
				325E027F235C31BC00B051E9 /* DatePickerView.swift in Sources */,
				325E02B5235C3A4D00B051E9 /* DSLabel.swift in Sources */,
				325E0278235C31BC00B051E9 /* ModalInfoController.swift in Sources */,
				325E02B2235C3A4D00B051E9 /* DSSelect.swift in Sources */,
				3255204B2366398D002E7485 /* M7TableViewCell.swift in Sources */,
				325E0272235C31BC00B051E9 /* M7Fonts.swift in Sources */,
				32C96AF9236F8C300035871E /* M7Space.swift in Sources */,
				325E0290235C31BC00B051E9 /* Button.swift in Sources */,
				325E026E235C31BC00B051E9 /* M7Colors.swift in Sources */,
				325E0276235C31BC00B051E9 /* DefaultTheme.swift in Sources */,
				325E02BA235C3A4D00B051E9 /* DSButtonWhite.swift in Sources */,
				325E02B9235C3A4D00B051E9 /* DSTextField.swift in Sources */,
				32552064236A227C002E7485 /* BubbleView.swift in Sources */,
				325E027C235C31BC00B051E9 /* DatePicker.swift in Sources */,
				325E02B3235C3A4D00B051E9 /* DSBottonGray.swift in Sources */,
				32552060236A0C07002E7485 /* M7ChatCell.swift in Sources */,
				325E02B4235C3A4D00B051E9 /* DesignSystem.swift in Sources */,
				325E02BB235C3A4D00B051E9 /* DSColorSelector.swift in Sources */,
				325E02B0235C3A4D00B051E9 /* DSButton.swift in Sources */,
				325E02B8235C3A4D00B051E9 /* MyView.swift in Sources */,
				325E02B1235C3A4D00B051E9 /* NavigationBar.swift in Sources */,
			);
			runOnlyForDeploymentPostprocessing = 0;
		};
		325E01FE235BA57000B051E9 /* Sources */ = {
			isa = PBXSourcesBuildPhase;
			buildActionMask = 2147483647;
			files = (
				325E0208235BA57000B051E9 /* M7UIKitTests.swift in Sources */,
			);
			runOnlyForDeploymentPostprocessing = 0;
		};
		325E0213235BA63D00B051E9 /* Sources */ = {
			isa = PBXSourcesBuildPhase;
			buildActionMask = 2147483647;
			files = (
				3212FEB323645BD20057213C /* TableViewCellDemoController.swift in Sources */,
				32552062236A1301002E7485 /* MessageBubbleDemo.swift in Sources */,
				32552053236643C9002E7485 /* TableCellDemo.swift in Sources */,
				325E021E235BA63D00B051E9 /* ViewController.swift in Sources */,
				325E021A235BA63D00B051E9 /* AppDelegate.swift in Sources */,
				32F2B1BF236E2B32007E0D5C /* OneTableView.swift in Sources */,
				325E021C235BA63D00B051E9 /* SceneDelegate.swift in Sources */,
			);
			runOnlyForDeploymentPostprocessing = 0;
		};
		325E0228235BA64000B051E9 /* Sources */ = {
			isa = PBXSourcesBuildPhase;
			buildActionMask = 2147483647;
			files = (
				325E0231235BA64000B051E9 /* M7UIKitExamplesTests.swift in Sources */,
			);
			runOnlyForDeploymentPostprocessing = 0;
		};
/* End PBXSourcesBuildPhase section */

/* Begin PBXTargetDependency section */
		325E0205235BA57000B051E9 /* PBXTargetDependency */ = {
			isa = PBXTargetDependency;
			target = 325E01F8235BA57000B051E9 /* M7UIKit */;
			targetProxy = 325E0204235BA57000B051E9 /* PBXContainerItemProxy */;
		};
		325E022E235BA64000B051E9 /* PBXTargetDependency */ = {
			isa = PBXTargetDependency;
			target = 325E0216235BA63D00B051E9 /* M7UIKitExamples */;
			targetProxy = 325E022D235BA64000B051E9 /* PBXContainerItemProxy */;
		};
		325E029E235C39BA00B051E9 /* PBXTargetDependency */ = {
			isa = PBXTargetDependency;
			target = 325E01F8235BA57000B051E9 /* M7UIKit */;
			targetProxy = 325E029D235C39BA00B051E9 /* PBXContainerItemProxy */;
		};
/* End PBXTargetDependency section */

/* Begin PBXVariantGroup section */
		325E021F235BA63D00B051E9 /* Main.storyboard */ = {
			isa = PBXVariantGroup;
			children = (
				325E0220235BA63D00B051E9 /* Base */,
			);
			name = Main.storyboard;
			sourceTree = "<group>";
		};
		325E0224235BA63F00B051E9 /* LaunchScreen.storyboard */ = {
			isa = PBXVariantGroup;
			children = (
				325E0225235BA63F00B051E9 /* Base */,
			);
			name = LaunchScreen.storyboard;
			sourceTree = "<group>";
		};
/* End PBXVariantGroup section */

/* Begin XCBuildConfiguration section */
		325E020B235BA57000B051E9 /* Debug */ = {
			isa = XCBuildConfiguration;
			buildSettings = {
				ALWAYS_SEARCH_USER_PATHS = NO;
				CLANG_ANALYZER_NONNULL = YES;
				CLANG_ANALYZER_NUMBER_OBJECT_CONVERSION = YES_AGGRESSIVE;
				CLANG_CXX_LANGUAGE_STANDARD = "gnu++14";
				CLANG_CXX_LIBRARY = "libc++";
				CLANG_ENABLE_MODULES = YES;
				CLANG_ENABLE_OBJC_ARC = YES;
				CLANG_ENABLE_OBJC_WEAK = YES;
				CLANG_WARN_BLOCK_CAPTURE_AUTORELEASING = YES;
				CLANG_WARN_BOOL_CONVERSION = YES;
				CLANG_WARN_COMMA = YES;
				CLANG_WARN_CONSTANT_CONVERSION = YES;
				CLANG_WARN_DEPRECATED_OBJC_IMPLEMENTATIONS = YES;
				CLANG_WARN_DIRECT_OBJC_ISA_USAGE = YES_ERROR;
				CLANG_WARN_DOCUMENTATION_COMMENTS = YES;
				CLANG_WARN_EMPTY_BODY = YES;
				CLANG_WARN_ENUM_CONVERSION = YES;
				CLANG_WARN_INFINITE_RECURSION = YES;
				CLANG_WARN_INT_CONVERSION = YES;
				CLANG_WARN_NON_LITERAL_NULL_CONVERSION = YES;
				CLANG_WARN_OBJC_IMPLICIT_RETAIN_SELF = YES;
				CLANG_WARN_OBJC_LITERAL_CONVERSION = YES;
				CLANG_WARN_OBJC_ROOT_CLASS = YES_ERROR;
				CLANG_WARN_RANGE_LOOP_ANALYSIS = YES;
				CLANG_WARN_STRICT_PROTOTYPES = YES;
				CLANG_WARN_SUSPICIOUS_MOVE = YES;
				CLANG_WARN_UNGUARDED_AVAILABILITY = YES_AGGRESSIVE;
				CLANG_WARN_UNREACHABLE_CODE = YES;
				CLANG_WARN__DUPLICATE_METHOD_MATCH = YES;
				COPY_PHASE_STRIP = NO;
				CURRENT_PROJECT_VERSION = 1;
				DEBUG_INFORMATION_FORMAT = dwarf;
				ENABLE_STRICT_OBJC_MSGSEND = YES;
				ENABLE_TESTABILITY = YES;
				GCC_C_LANGUAGE_STANDARD = gnu11;
				GCC_DYNAMIC_NO_PIC = NO;
				GCC_NO_COMMON_BLOCKS = YES;
				GCC_OPTIMIZATION_LEVEL = 0;
				GCC_PREPROCESSOR_DEFINITIONS = (
					"DEBUG=1",
					"$(inherited)",
				);
				GCC_WARN_64_TO_32_BIT_CONVERSION = YES;
				GCC_WARN_ABOUT_RETURN_TYPE = YES_ERROR;
				GCC_WARN_UNDECLARED_SELECTOR = YES;
				GCC_WARN_UNINITIALIZED_AUTOS = YES_AGGRESSIVE;
				GCC_WARN_UNUSED_FUNCTION = YES;
				GCC_WARN_UNUSED_VARIABLE = YES;
				IPHONEOS_DEPLOYMENT_TARGET = 13.2;
				MTL_ENABLE_DEBUG_INFO = INCLUDE_SOURCE;
				MTL_FAST_MATH = YES;
				ONLY_ACTIVE_ARCH = YES;
				SDKROOT = iphoneos;
				SWIFT_ACTIVE_COMPILATION_CONDITIONS = DEBUG;
				SWIFT_OPTIMIZATION_LEVEL = "-Onone";
				VERSIONING_SYSTEM = "apple-generic";
				VERSION_INFO_PREFIX = "";
			};
			name = Debug;
		};
		325E020C235BA57000B051E9 /* Release */ = {
			isa = XCBuildConfiguration;
			buildSettings = {
				ALWAYS_SEARCH_USER_PATHS = NO;
				CLANG_ANALYZER_NONNULL = YES;
				CLANG_ANALYZER_NUMBER_OBJECT_CONVERSION = YES_AGGRESSIVE;
				CLANG_CXX_LANGUAGE_STANDARD = "gnu++14";
				CLANG_CXX_LIBRARY = "libc++";
				CLANG_ENABLE_MODULES = YES;
				CLANG_ENABLE_OBJC_ARC = YES;
				CLANG_ENABLE_OBJC_WEAK = YES;
				CLANG_WARN_BLOCK_CAPTURE_AUTORELEASING = YES;
				CLANG_WARN_BOOL_CONVERSION = YES;
				CLANG_WARN_COMMA = YES;
				CLANG_WARN_CONSTANT_CONVERSION = YES;
				CLANG_WARN_DEPRECATED_OBJC_IMPLEMENTATIONS = YES;
				CLANG_WARN_DIRECT_OBJC_ISA_USAGE = YES_ERROR;
				CLANG_WARN_DOCUMENTATION_COMMENTS = YES;
				CLANG_WARN_EMPTY_BODY = YES;
				CLANG_WARN_ENUM_CONVERSION = YES;
				CLANG_WARN_INFINITE_RECURSION = YES;
				CLANG_WARN_INT_CONVERSION = YES;
				CLANG_WARN_NON_LITERAL_NULL_CONVERSION = YES;
				CLANG_WARN_OBJC_IMPLICIT_RETAIN_SELF = YES;
				CLANG_WARN_OBJC_LITERAL_CONVERSION = YES;
				CLANG_WARN_OBJC_ROOT_CLASS = YES_ERROR;
				CLANG_WARN_RANGE_LOOP_ANALYSIS = YES;
				CLANG_WARN_STRICT_PROTOTYPES = YES;
				CLANG_WARN_SUSPICIOUS_MOVE = YES;
				CLANG_WARN_UNGUARDED_AVAILABILITY = YES_AGGRESSIVE;
				CLANG_WARN_UNREACHABLE_CODE = YES;
				CLANG_WARN__DUPLICATE_METHOD_MATCH = YES;
				COPY_PHASE_STRIP = NO;
				CURRENT_PROJECT_VERSION = 1;
				DEBUG_INFORMATION_FORMAT = "dwarf-with-dsym";
				ENABLE_NS_ASSERTIONS = NO;
				ENABLE_STRICT_OBJC_MSGSEND = YES;
				GCC_C_LANGUAGE_STANDARD = gnu11;
				GCC_NO_COMMON_BLOCKS = YES;
				GCC_WARN_64_TO_32_BIT_CONVERSION = YES;
				GCC_WARN_ABOUT_RETURN_TYPE = YES_ERROR;
				GCC_WARN_UNDECLARED_SELECTOR = YES;
				GCC_WARN_UNINITIALIZED_AUTOS = YES_AGGRESSIVE;
				GCC_WARN_UNUSED_FUNCTION = YES;
				GCC_WARN_UNUSED_VARIABLE = YES;
				IPHONEOS_DEPLOYMENT_TARGET = 13.2;
				MTL_ENABLE_DEBUG_INFO = NO;
				MTL_FAST_MATH = YES;
				SDKROOT = iphoneos;
				SWIFT_COMPILATION_MODE = wholemodule;
				SWIFT_OPTIMIZATION_LEVEL = "-O";
				VALIDATE_PRODUCT = YES;
				VERSIONING_SYSTEM = "apple-generic";
				VERSION_INFO_PREFIX = "";
			};
			name = Release;
		};
		325E020E235BA57000B051E9 /* Debug */ = {
			isa = XCBuildConfiguration;
			buildSettings = {
				CODE_SIGN_IDENTITY = "Apple Development";
				CODE_SIGN_STYLE = Automatic;
				CURRENT_PROJECT_VERSION = 5;
				DEFINES_MODULE = YES;
				DEVELOPMENT_TEAM = VF3N89U52T;
				DYLIB_COMPATIBILITY_VERSION = 1;
				DYLIB_CURRENT_VERSION = 1;
				DYLIB_INSTALL_NAME_BASE = "@rpath";
				INFOPLIST_FILE = M7UIKit/Info.plist;
				INSTALL_PATH = "$(LOCAL_LIBRARY_DIR)/Frameworks";
				IPHONEOS_DEPLOYMENT_TARGET = 11.0;
				LD_RUNPATH_SEARCH_PATHS = (
					"$(inherited)",
					"@executable_path/Frameworks",
					"@loader_path/Frameworks",
				);
				MARKETING_VERSION = 1.1.2;
				PRODUCT_BUNDLE_IDENTIFIER = ru.romanovappleconnect.M7UIKit;
				PRODUCT_NAME = "$(TARGET_NAME:c99extidentifier)";
				SKIP_INSTALL = YES;
				SWIFT_VERSION = 5.0;
				TARGETED_DEVICE_FAMILY = "1,2";
			};
			name = Debug;
		};
		325E020F235BA57000B051E9 /* Release */ = {
			isa = XCBuildConfiguration;
			buildSettings = {
				CODE_SIGN_IDENTITY = "Apple Development";
				CODE_SIGN_STYLE = Automatic;
				CURRENT_PROJECT_VERSION = 5;
				DEFINES_MODULE = YES;
				DEVELOPMENT_TEAM = VF3N89U52T;
				DYLIB_COMPATIBILITY_VERSION = 1;
				DYLIB_CURRENT_VERSION = 1;
				DYLIB_INSTALL_NAME_BASE = "@rpath";
				INFOPLIST_FILE = M7UIKit/Info.plist;
				INSTALL_PATH = "$(LOCAL_LIBRARY_DIR)/Frameworks";
				IPHONEOS_DEPLOYMENT_TARGET = 11.0;
				LD_RUNPATH_SEARCH_PATHS = (
					"$(inherited)",
					"@executable_path/Frameworks",
					"@loader_path/Frameworks",
				);
				MARKETING_VERSION = 1.1.2;
				PRODUCT_BUNDLE_IDENTIFIER = ru.romanovappleconnect.M7UIKit;
				PRODUCT_NAME = "$(TARGET_NAME:c99extidentifier)";
				SKIP_INSTALL = YES;
				SWIFT_VERSION = 5.0;
				TARGETED_DEVICE_FAMILY = "1,2";
			};
			name = Release;
		};
		325E0211235BA57000B051E9 /* Debug */ = {
			isa = XCBuildConfiguration;
			buildSettings = {
				ALWAYS_EMBED_SWIFT_STANDARD_LIBRARIES = YES;
				CODE_SIGN_STYLE = Automatic;
				DEVELOPMENT_TEAM = VF3N89U52T;
				INFOPLIST_FILE = M7UIKitTests/Info.plist;
				LD_RUNPATH_SEARCH_PATHS = (
					"$(inherited)",
					"@executable_path/Frameworks",
					"@loader_path/Frameworks",
				);
				PRODUCT_BUNDLE_IDENTIFIER = ru.romanovappleconnect.M7UIKitTests;
				PRODUCT_NAME = "$(TARGET_NAME)";
				SWIFT_VERSION = 5.0;
				TARGETED_DEVICE_FAMILY = "1,2";
			};
			name = Debug;
		};
		325E0212235BA57000B051E9 /* Release */ = {
			isa = XCBuildConfiguration;
			buildSettings = {
				ALWAYS_EMBED_SWIFT_STANDARD_LIBRARIES = YES;
				CODE_SIGN_STYLE = Automatic;
				DEVELOPMENT_TEAM = VF3N89U52T;
				INFOPLIST_FILE = M7UIKitTests/Info.plist;
				LD_RUNPATH_SEARCH_PATHS = (
					"$(inherited)",
					"@executable_path/Frameworks",
					"@loader_path/Frameworks",
				);
				PRODUCT_BUNDLE_IDENTIFIER = ru.romanovappleconnect.M7UIKitTests;
				PRODUCT_NAME = "$(TARGET_NAME)";
				SWIFT_VERSION = 5.0;
				TARGETED_DEVICE_FAMILY = "1,2";
			};
			name = Release;
		};
		325E0234235BA64000B051E9 /* Debug */ = {
			isa = XCBuildConfiguration;
			buildSettings = {
				ASSETCATALOG_COMPILER_APPICON_NAME = AppIcon;
				CODE_SIGN_STYLE = Automatic;
				DEVELOPMENT_TEAM = VF3N89U52T;
				INFOPLIST_FILE = M7UIKitExamples/Info.plist;
				IPHONEOS_DEPLOYMENT_TARGET = 11.0;
				LD_RUNPATH_SEARCH_PATHS = (
					"$(inherited)",
					"@executable_path/Frameworks",
				);
				PRODUCT_BUNDLE_IDENTIFIER = ru.romanovappleconnect.M7UIKitExamples;
				PRODUCT_NAME = "$(TARGET_NAME)";
				SWIFT_VERSION = 5.0;
				TARGETED_DEVICE_FAMILY = "1,2";
			};
			name = Debug;
		};
		325E0235235BA64000B051E9 /* Release */ = {
			isa = XCBuildConfiguration;
			buildSettings = {
				ASSETCATALOG_COMPILER_APPICON_NAME = AppIcon;
				CODE_SIGN_STYLE = Automatic;
				DEVELOPMENT_TEAM = VF3N89U52T;
				INFOPLIST_FILE = M7UIKitExamples/Info.plist;
				IPHONEOS_DEPLOYMENT_TARGET = 11.0;
				LD_RUNPATH_SEARCH_PATHS = (
					"$(inherited)",
					"@executable_path/Frameworks",
				);
				PRODUCT_BUNDLE_IDENTIFIER = ru.romanovappleconnect.M7UIKitExamples;
				PRODUCT_NAME = "$(TARGET_NAME)";
				SWIFT_VERSION = 5.0;
				TARGETED_DEVICE_FAMILY = "1,2";
			};
			name = Release;
		};
		325E0237235BA64000B051E9 /* Debug */ = {
			isa = XCBuildConfiguration;
			buildSettings = {
				ALWAYS_EMBED_SWIFT_STANDARD_LIBRARIES = YES;
				BUNDLE_LOADER = "$(TEST_HOST)";
				CODE_SIGN_STYLE = Automatic;
				DEVELOPMENT_TEAM = VF3N89U52T;
				INFOPLIST_FILE = M7UIKitExamplesTests/Info.plist;
				IPHONEOS_DEPLOYMENT_TARGET = 13.1;
				LD_RUNPATH_SEARCH_PATHS = (
					"$(inherited)",
					"@executable_path/Frameworks",
					"@loader_path/Frameworks",
				);
				PRODUCT_BUNDLE_IDENTIFIER = ru.romanovappleconnect.M7UIKitExamplesTests;
				PRODUCT_NAME = "$(TARGET_NAME)";
				SWIFT_VERSION = 5.0;
				TARGETED_DEVICE_FAMILY = "1,2";
				TEST_HOST = "$(BUILT_PRODUCTS_DIR)/M7UIKitExamples.app/M7UIKitExamples";
			};
			name = Debug;
		};
		325E0238235BA64000B051E9 /* Release */ = {
			isa = XCBuildConfiguration;
			buildSettings = {
				ALWAYS_EMBED_SWIFT_STANDARD_LIBRARIES = YES;
				BUNDLE_LOADER = "$(TEST_HOST)";
				CODE_SIGN_STYLE = Automatic;
				DEVELOPMENT_TEAM = VF3N89U52T;
				INFOPLIST_FILE = M7UIKitExamplesTests/Info.plist;
				IPHONEOS_DEPLOYMENT_TARGET = 13.1;
				LD_RUNPATH_SEARCH_PATHS = (
					"$(inherited)",
					"@executable_path/Frameworks",
					"@loader_path/Frameworks",
				);
				PRODUCT_BUNDLE_IDENTIFIER = ru.romanovappleconnect.M7UIKitExamplesTests;
				PRODUCT_NAME = "$(TARGET_NAME)";
				SWIFT_VERSION = 5.0;
				TARGETED_DEVICE_FAMILY = "1,2";
				TEST_HOST = "$(BUILT_PRODUCTS_DIR)/M7UIKitExamples.app/M7UIKitExamples";
			};
			name = Release;
		};
/* End XCBuildConfiguration section */

/* Begin XCConfigurationList section */
		325E01F3235BA57000B051E9 /* Build configuration list for PBXProject "M7UIKit" */ = {
			isa = XCConfigurationList;
			buildConfigurations = (
				325E020B235BA57000B051E9 /* Debug */,
				325E020C235BA57000B051E9 /* Release */,
			);
			defaultConfigurationIsVisible = 0;
			defaultConfigurationName = Release;
		};
		325E020D235BA57000B051E9 /* Build configuration list for PBXNativeTarget "M7UIKit" */ = {
			isa = XCConfigurationList;
			buildConfigurations = (
				325E020E235BA57000B051E9 /* Debug */,
				325E020F235BA57000B051E9 /* Release */,
			);
			defaultConfigurationIsVisible = 0;
			defaultConfigurationName = Release;
		};
		325E0210235BA57000B051E9 /* Build configuration list for PBXNativeTarget "M7UIKitTests" */ = {
			isa = XCConfigurationList;
			buildConfigurations = (
				325E0211235BA57000B051E9 /* Debug */,
				325E0212235BA57000B051E9 /* Release */,
			);
			defaultConfigurationIsVisible = 0;
			defaultConfigurationName = Release;
		};
		325E0233235BA64000B051E9 /* Build configuration list for PBXNativeTarget "M7UIKitExamples" */ = {
			isa = XCConfigurationList;
			buildConfigurations = (
				325E0234235BA64000B051E9 /* Debug */,
				325E0235235BA64000B051E9 /* Release */,
			);
			defaultConfigurationIsVisible = 0;
			defaultConfigurationName = Release;
		};
		325E0236235BA64000B051E9 /* Build configuration list for PBXNativeTarget "M7UIKitExamplesTests" */ = {
			isa = XCConfigurationList;
			buildConfigurations = (
				325E0237235BA64000B051E9 /* Debug */,
				325E0238235BA64000B051E9 /* Release */,
			);
			defaultConfigurationIsVisible = 0;
			defaultConfigurationName = Release;
		};
/* End XCConfigurationList section */
	};
	rootObject = 325E01F0235BA57000B051E9 /* Project object */;
}
